
Microsoft Visual Studio Solution File, Format Version 12.00
# Visual Studio Version 16
VisualStudioVersion = 16.0.31702.278
MinimumVisualStudioVersion = 10.0.40219.1
Project("{FAE04EC0-301F-11D3-BF4B-00C04F79EFBC}") = "CondominioApi", "CondominioApi\CondominioApi.csproj", "{0A953E86-D2DD-44AC-8B4F-D69A411D12C6}"
EndProject
Project("{FAE04EC0-301F-11D3-BF4B-00C04F79EFBC}") = "CondominioApi.Core", "CondominioApi.Core\CondominioApi.Core.csproj", "{972FF398-D056-4AA7-8ADA-98FDF665A8C7}"
EndProject
Project("{FAE04EC0-301F-11D3-BF4B-00C04F79EFBC}") = "CondominioApi.Domain", "CondominioApi.Domain\CondominioApi.Domain.csproj", "{68301574-4091-46BD-9C26-9DFCD7380DC5}"
EndProject
Project("{FAE04EC0-301F-11D3-BF4B-00C04F79EFBC}") = "CondominioApi.Repository", "CondominioApi.Repository\CondominioApi.Repository.csproj", "{D729907A-C4CA-45DA-B9D6-79AE027EF801}"
EndProject
Global
	GlobalSection(SolutionConfigurationPlatforms) = preSolution
		Debug|Any CPU = Debug|Any CPU
		Release|Any CPU = Release|Any CPU
	EndGlobalSection
	GlobalSection(ProjectConfigurationPlatforms) = postSolution
		{0A953E86-D2DD-44AC-8B4F-D69A411D12C6}.Debug|Any CPU.ActiveCfg = Debug|Any CPU
		{0A953E86-D2DD-44AC-8B4F-D69A411D12C6}.Debug|Any CPU.Build.0 = Debug|Any CPU
		{0A953E86-D2DD-44AC-8B4F-D69A411D12C6}.Release|Any CPU.ActiveCfg = Release|Any CPU
		{0A953E86-D2DD-44AC-8B4F-D69A411D12C6}.Release|Any CPU.Build.0 = Release|Any CPU
		{972FF398-D056-4AA7-8ADA-98FDF665A8C7}.Debug|Any CPU.ActiveCfg = Debug|Any CPU
		{972FF398-D056-4AA7-8ADA-98FDF665A8C7}.Debug|Any CPU.Build.0 = Debug|Any CPU
		{972FF398-D056-4AA7-8ADA-98FDF665A8C7}.Release|Any CPU.ActiveCfg = Release|Any CPU
		{972FF398-D056-4AA7-8ADA-98FDF665A8C7}.Release|Any CPU.Build.0 = Release|Any CPU
		{68301574-4091-46BD-9C26-9DFCD7380DC5}.Debug|Any CPU.ActiveCfg = Debug|Any CPU
		{68301574-4091-46BD-9C26-9DFCD7380DC5}.Debug|Any CPU.Build.0 = Debug|Any CPU
		{68301574-4091-46BD-9C26-9DFCD7380DC5}.Release|Any CPU.ActiveCfg = Release|Any CPU
		{68301574-4091-46BD-9C26-9DFCD7380DC5}.Release|Any CPU.Build.0 = Release|Any CPU
		{D729907A-C4CA-45DA-B9D6-79AE027EF801}.Debug|Any CPU.ActiveCfg = Debug|Any CPU
		{D729907A-C4CA-45DA-B9D6-79AE027EF801}.Debug|Any CPU.Build.0 = Debug|Any CPU
		{D729907A-C4CA-45DA-B9D6-79AE027EF801}.Release|Any CPU.ActiveCfg = Release|Any CPU
		{D729907A-C4CA-45DA-B9D6-79AE027EF801}.Release|Any CPU.Build.0 = Release|Any CPU
	EndGlobalSection
	GlobalSection(SolutionProperties) = preSolution
		HideSolutionNode = FALSE
	EndGlobalSection
	GlobalSection(ExtensibilityGlobals) = postSolution
		SolutionGuid = {AF914BD4-011C-41D9-859D-924B85C16343}
	EndGlobalSection
EndGlobal
